Microsoft Visual Studio Solution File, Format Version 12.00
# Visual Studio Version 17
Project("{FAE04EC0-301F-11D3-BF4B-00C04F79EFBC}") = "BrilliantQuesting.Core", "src\BrilliantQuesting.Core\BrilliantQuesting.Core.csproj", "{6E1A0F3C-9B2E-4B3C-9E1A-0F3C9B2E4B3C}"
EndProject
Project("{FAE04EC0-301F-11D3-BF4B-00C04F79EFBC}") = "BrilliantQuesting.Core.Tests", "tests\BrilliantQuesting.Core.Tests\BrilliantQuesting.Core.Tests.csproj", "{7F2B103D-AC3F-4C4D-AF2B-103DAC3F4C4D}"
EndProject
Project("{FAE04EC0-301F-11D3-BF4B-00C04F79EFBC}") = "BrilliantQuesting.Lab", "tools\BrilliantQuesting.Lab\BrilliantQuesting.Lab.csproj", "{8A3C214E-BD40-4D5E-BA3C-214EBD404D5E}"
EndProject
Project("{FAE04EC0-301F-11D3-BF4B-00C04F79EFBC}") = "ApiDump", "tools\ApiDump\ApiDump.csproj", "{9B4D325F-CE51-4E6F-9B4D-325FCE514E6F}"
EndProject
Project("{FAE04EC0-301F-11D3-BF4B-00C04F79EFBC}") = "BrilliantQuesting.Lab.Tests", "tests\BrilliantQuesting.Lab.Tests\BrilliantQuesting.Lab.Tests.csproj", "{1D32AA72-45CB-4F18-A76F-52A421FB692F}"
EndProject
Global
	GlobalSection(SolutionConfigurationPlatforms) = preSolution
		Debug|Any CPU = Debug|Any CPU
		Release|Any CPU = Release|Any CPU
	EndGlobalSection
	GlobalSection(ProjectConfigurationPlatforms) = postSolution
		{6E1A0F3C-9B2E-4B3C-9E1A-0F3C9B2E4B3C}.Debug|Any CPU.ActiveCfg = Debug|Any CPU
		{6E1A0F3C-9B2E-4B3C-9E1A-0F3C9B2E4B3C}.Debug|Any CPU.Build.0 = Debug|Any CPU
		{6E1A0F3C-9B2E-4B3C-9E1A-0F3C9B2E4B3C}.Release|Any CPU.ActiveCfg = Release|Any CPU
		{6E1A0F3C-9B2E-4B3C-9E1A-0F3C9B2E4B3C}.Release|Any CPU.Build.0 = Release|Any CPU
		{7F2B103D-AC3F-4C4D-AF2B-103DAC3F4C4D}.Debug|Any CPU.ActiveCfg = Debug|Any CPU
		{7F2B103D-AC3F-4C4D-AF2B-103DAC3F4C4D}.Debug|Any CPU.Build.0 = Debug|Any CPU
		{7F2B103D-AC3F-4C4D-AF2B-103DAC3F4C4D}.Release|Any CPU.ActiveCfg = Release|Any CPU
		{7F2B103D-AC3F-4C4D-AF2B-103DAC3F4C4D}.Release|Any CPU.Build.0 = Release|Any CPU
		{8A3C214E-BD40-4D5E-BA3C-214EBD404D5E}.Debug|Any CPU.ActiveCfg = Debug|Any CPU
		{8A3C214E-BD40-4D5E-BA3C-214EBD404D5E}.Debug|Any CPU.Build.0 = Debug|Any CPU
		{8A3C214E-BD40-4D5E-BA3C-214EBD404D5E}.Release|Any CPU.ActiveCfg = Release|Any CPU
		{8A3C214E-BD40-4D5E-BA3C-214EBD404D5E}.Release|Any CPU.Build.0 = Release|Any CPU
		{9B4D325F-CE51-4E6F-9B4D-325FCE514E6F}.Debug|Any CPU.ActiveCfg = Debug|Any CPU
		{9B4D325F-CE51-4E6F-9B4D-325FCE514E6F}.Debug|Any CPU.Build.0 = Debug|Any CPU
		{9B4D325F-CE51-4E6F-9B4D-325FCE514E6F}.Release|Any CPU.ActiveCfg = Release|Any CPU
		{9B4D325F-CE51-4E6F-9B4D-325FCE514E6F}.Release|Any CPU.Build.0 = Release|Any CPU
		{1D32AA72-45CB-4F18-A76F-52A421FB692F}.Debug|Any CPU.ActiveCfg = Debug|Any CPU
		{1D32AA72-45CB-4F18-A76F-52A421FB692F}.Debug|Any CPU.Build.0 = Debug|Any CPU
		{1D32AA72-45CB-4F18-A76F-52A421FB692F}.Release|Any CPU.ActiveCfg = Release|Any CPU
		{1D32AA72-45CB-4F18-A76F-52A421FB692F}.Release|Any CPU.Build.0 = Release|Any CPU
	EndGlobalSection
EndGlobal
